
Microsoft Visual Studio Solution File, Format Version 12.00
# Visual Studio Version 17
VisualStudioVersion = 17.5.33424.131
MinimumVisualStudioVersion = 10.0.40219.1
Project("{FAE04EC0-301F-11D3-BF4B-00C04F79EFBC}") = "webTest2", "webTest2.csproj", "{C20A052F-8966-4C88-90DE-510AB0A5C1A1}"
EndProject
Global
	GlobalSection(SolutionConfigurationPlatforms) = preSolution
		Debug|Any CPU = Debug|Any CPU
		Release|Any CPU = Release|Any CPU
	EndGlobalSection
	GlobalSection(ProjectConfigurationPlatforms) = postSolution
		{C20A052F-8966-4C88-90DE-510AB0A5C1A1}.Debug|Any CPU.ActiveCfg = Debug|Any CPU
		{C20A052F-8966-4C88-90DE-510AB0A5C1A1}.Debug|Any CPU.Build.0 = Debug|Any CPU
		{C20A052F-8966-4C88-90DE-510AB0A5C1A1}.Release|Any CPU.ActiveCfg = Release|Any CPU
		{C20A052F-8966-4C88-90DE-510AB0A5C1A1}.Release|Any CPU.Build.0 = Release|Any CPU
	EndGlobalSection
	GlobalSection(SolutionProperties) = preSolution
		HideSolutionNode = FALSE
	EndGlobalSection
	GlobalSection(ExtensibilityGlobals) = postSolution
		SolutionGuid = {9A5A8269-A1C8-4747-A2DF-0A394EFFFE4D}
	EndGlobalSection
EndGlobal
