
Microsoft Visual Studio Solution File, Format Version 12.00
# Visual Studio Version 17
VisualStudioVersion = 17.5.33424.131
MinimumVisualStudioVersion = 10.0.40219.1
Project("{FAE04EC0-301F-11D3-BF4B-00C04F79EFBC}") = "WebApplication1", "WebApplication1\WebApplication1.csproj", "{17106F11-166E-449D-BC3F-EB88B52AF21D}"
EndProject
Global
	GlobalSection(SolutionConfigurationPlatforms) = preSolution
		Debug|Any CPU = Debug|Any CPU
		Release|Any CPU = Release|Any CPU
	EndGlobalSection
	GlobalSection(ProjectConfigurationPlatforms) = postSolution
		{17106F11-166E-449D-BC3F-EB88B52AF21D}.Debug|Any CPU.ActiveCfg = Debug|Any CPU
		{17106F11-166E-449D-BC3F-EB88B52AF21D}.Debug|Any CPU.Build.0 = Debug|Any CPU
		{17106F11-166E-449D-BC3F-EB88B52AF21D}.Release|Any CPU.ActiveCfg = Release|Any CPU
		{17106F11-166E-449D-BC3F-EB88B52AF21D}.Release|Any CPU.Build.0 = Release|Any CPU
	EndGlobalSection
	GlobalSection(SolutionProperties) = preSolution
		HideSolutionNode = FALSE
	EndGlobalSection
	GlobalSection(ExtensibilityGlobals) = postSolution
		SolutionGuid = {2D2B3929-1B0E-438A-88FE-C7FA914E3BEA}
	EndGlobalSection
EndGlobal
